
Microsoft Visual Studio Solution File, Format Version 12.00
# Visual Studio Version 16
VisualStudioVersion = 16.0.30621.155
MinimumVisualStudioVersion = 10.0.40219.1
Project("{FAE04EC0-301F-11D3-BF4B-00C04F79EFBC}") = "IoC", "IoC\IoC.csproj", "{A1951912-6C7C-4F66-8359-D25114718C5A}"
EndProject
Global
	GlobalSection(SolutionConfigurationPlatforms) = preSolution
		Debug|Any CPU = Debug|Any CPU
		Release|Any CPU = Release|Any CPU
	EndGlobalSection
	GlobalSection(ProjectConfigurationPlatforms) = postSolution
		{A1951912-6C7C-4F66-8359-D25114718C5A}.Debug|Any CPU.ActiveCfg = Debug|Any CPU
		{A1951912-6C7C-4F66-8359-D25114718C5A}.Debug|Any CPU.Build.0 = Debug|Any CPU
		{A1951912-6C7C-4F66-8359-D25114718C5A}.Release|Any CPU.ActiveCfg = Release|Any CPU
		{A1951912-6C7C-4F66-8359-D25114718C5A}.Release|Any CPU.Build.0 = Release|Any CPU
	EndGlobalSection
	GlobalSection(SolutionProperties) = preSolution
		HideSolutionNode = FALSE
	EndGlobalSection
	GlobalSection(ExtensibilityGlobals) = postSolution
		SolutionGuid = {1B89A6E6-850C-4B4B-ADC7-66F13248D7AE}
	EndGlobalSection
EndGlobal
